
Microsoft Visual Studio Solution File, Format Version 12.00
# Visual Studio 2012
Project("{FAE04EC0-301F-11D3-BF4B-00C04F79EFBC}") = "ElectronicHospital.com", "ElectronicHospital.com\ElectronicHospital.com.csproj", "{CCB6F920-E6DD-457E-A00E-AA3DAEB8678C}"
EndProject
Project("{FAE04EC0-301F-11D3-BF4B-00C04F79EFBC}") = "ElectronicHospital.com.Tests", "ElectronicHospital.com.Tests\ElectronicHospital.com.Tests.csproj", "{C1D8D6F1-DD3E-4262-AD46-CF61323B81FF}"
EndProject
Project("{FAE04EC0-301F-11D3-BF4B-00C04F79EFBC}") = "Helpers", "Helpers\Helpers.csproj", "{02224220-DE6B-4EE7-BAF2-2352089CEF40}"
EndProject
Global
	GlobalSection(SolutionConfigurationPlatforms) = preSolution
		Debug|Any CPU = Debug|Any CPU
		Release|Any CPU = Release|Any CPU
	EndGlobalSection
	GlobalSection(ProjectConfigurationPlatforms) = postSolution
		{CCB6F920-E6DD-457E-A00E-AA3DAEB8678C}.Debug|Any CPU.ActiveCfg = Debug|Any CPU
		{CCB6F920-E6DD-457E-A00E-AA3DAEB8678C}.Debug|Any CPU.Build.0 = Debug|Any CPU
		{CCB6F920-E6DD-457E-A00E-AA3DAEB8678C}.Release|Any CPU.ActiveCfg = Release|Any CPU
		{CCB6F920-E6DD-457E-A00E-AA3DAEB8678C}.Release|Any CPU.Build.0 = Release|Any CPU
		{C1D8D6F1-DD3E-4262-AD46-CF61323B81FF}.Debug|Any CPU.ActiveCfg = Debug|Any CPU
		{C1D8D6F1-DD3E-4262-AD46-CF61323B81FF}.Debug|Any CPU.Build.0 = Debug|Any CPU
		{C1D8D6F1-DD3E-4262-AD46-CF61323B81FF}.Release|Any CPU.ActiveCfg = Release|Any CPU
		{C1D8D6F1-DD3E-4262-AD46-CF61323B81FF}.Release|Any CPU.Build.0 = Release|Any CPU
		{02224220-DE6B-4EE7-BAF2-2352089CEF40}.Debug|Any CPU.ActiveCfg = Debug|Any CPU
		{02224220-DE6B-4EE7-BAF2-2352089CEF40}.Debug|Any CPU.Build.0 = Debug|Any CPU
		{02224220-DE6B-4EE7-BAF2-2352089CEF40}.Release|Any CPU.ActiveCfg = Release|Any CPU
		{02224220-DE6B-4EE7-BAF2-2352089CEF40}.Release|Any CPU.Build.0 = Release|Any CPU
	EndGlobalSection
	GlobalSection(SolutionProperties) = preSolution
		HideSolutionNode = FALSE
	EndGlobalSection
EndGlobal
